
Microsoft Visual Studio Solution File, Format Version 12.00
# Visual Studio Version 17
VisualStudioVersion = 17.4.33213.308
MinimumVisualStudioVersion = 10.0.40219.1
Project("{FAE04EC0-301F-11D3-BF4B-00C04F79EFBC}") = "2", "ConsoleApp3\2.csproj", "{1CE63288-46BD-45C9-B399-ADCBEF669F7F}"
EndProject
Project("{FAE04EC0-301F-11D3-BF4B-00C04F79EFBC}") = "2.2", "2.2\2.2.csproj", "{6FBCB7F5-D008-4161-8395-462BE0A27AEE}"
EndProject
Project("{FAE04EC0-301F-11D3-BF4B-00C04F79EFBC}") = "2.3", "2.3\2.3.csproj", "{3EA8F3DC-6DCA-42D1-9766-6F100CB48297}"
EndProject
Global
	GlobalSection(SolutionConfigurationPlatforms) = preSolution
		Debug|Any CPU = Debug|Any CPU
		Release|Any CPU = Release|Any CPU
	EndGlobalSection
	GlobalSection(ProjectConfigurationPlatforms) = postSolution
		{1CE63288-46BD-45C9-B399-ADCBEF669F7F}.Debug|Any CPU.ActiveCfg = Debug|Any CPU
		{1CE63288-46BD-45C9-B399-ADCBEF669F7F}.Debug|Any CPU.Build.0 = Debug|Any CPU
		{1CE63288-46BD-45C9-B399-ADCBEF669F7F}.Release|Any CPU.ActiveCfg = Release|Any CPU
		{1CE63288-46BD-45C9-B399-ADCBEF669F7F}.Release|Any CPU.Build.0 = Release|Any CPU
		{6FBCB7F5-D008-4161-8395-462BE0A27AEE}.Debug|Any CPU.ActiveCfg = Debug|Any CPU
		{6FBCB7F5-D008-4161-8395-462BE0A27AEE}.Debug|Any CPU.Build.0 = Debug|Any CPU
		{6FBCB7F5-D008-4161-8395-462BE0A27AEE}.Release|Any CPU.ActiveCfg = Release|Any CPU
		{6FBCB7F5-D008-4161-8395-462BE0A27AEE}.Release|Any CPU.Build.0 = Release|Any CPU
		{3EA8F3DC-6DCA-42D1-9766-6F100CB48297}.Debug|Any CPU.ActiveCfg = Debug|Any CPU
		{3EA8F3DC-6DCA-42D1-9766-6F100CB48297}.Debug|Any CPU.Build.0 = Debug|Any CPU
		{3EA8F3DC-6DCA-42D1-9766-6F100CB48297}.Release|Any CPU.ActiveCfg = Release|Any CPU
		{3EA8F3DC-6DCA-42D1-9766-6F100CB48297}.Release|Any CPU.Build.0 = Release|Any CPU
	EndGlobalSection
	GlobalSection(SolutionProperties) = preSolution
		HideSolutionNode = FALSE
	EndGlobalSection
	GlobalSection(ExtensibilityGlobals) = postSolution
		SolutionGuid = {5CCA5AD8-9CFF-4178-8BBA-CA327AC82FA5}
	EndGlobalSection
EndGlobal
